{
  "version": 4,
  "terraform_version": "0.12.26",
  "serial": 114,
  "lineage": "863b13d3-29e1-95b7-d3e7-ba4e247e93a6",
  "outputs": {
    "Instance_Public_IP": {
      "value": "13.126.246.125",
      "type": "string"
    }
  },
  "resources": [
    {
      "mode": "managed",
      "type": "aws_cloudfront_distribution",
      "name": "cloudfront",
      "provider": "provider.aws",
      "instances": [
        {
          "schema_version": 1,
          "attributes": {
            "active_trusted_signers": {
              "enabled": "false",
              "items.#": "0"
            },
            "aliases": null,
            "arn": "arn:aws:cloudfront::350276982418:distribution/EE83M1C7BT0UM",
            "cache_behavior": [],
            "caller_reference": "terraform-20200615190147895700000001",
            "comment": null,
            "custom_error_response": [],
            "default_cache_behavior": [
              {
                "allowed_methods": [
                  "DELETE",
                  "GET",
                  "HEAD",
                  "OPTIONS",
                  "PATCH",
                  "POST",
                  "PUT"
                ],
                "cached_methods": [
                  "GET",
                  "HEAD"
                ],
                "compress": false,
                "default_ttl": 86400,
                "field_level_encryption_id": "",
                "forwarded_values": [
                  {
                    "cookies": [
                      {
                        "forward": "none",
                        "whitelisted_names": null
                      }
                    ],
                    "headers": null,
                    "query_string": false,
                    "query_string_cache_keys": null
                  }
                ],
                "lambda_function_association": [],
                "max_ttl": 31536000,
                "min_ttl": 0,
                "smooth_streaming": false,
                "target_origin_id": "S3-rasrivas-bucket-1234",
                "trusted_signers": null,
                "viewer_protocol_policy": "allow-all"
              }
            ],
            "default_root_object": "",
            "domain_name": "d1bwb83g2wpdas.cloudfront.net",
            "enabled": true,
            "etag": "E3PFSPWZHKYCIP",
            "hosted_zone_id": "Z2FDTNDATAQYW2",
            "http_version": "http2",
            "id": "EE83M1C7BT0UM",
            "in_progress_validation_batches": 0,
            "is_ipv6_enabled": false,
            "last_modified_time": "2020-06-15 19:01:49.197 +0000 UTC",
            "logging_config": [],
            "ordered_cache_behavior": [],
            "origin": [
              {
                "custom_header": [],
                "custom_origin_config": [],
                "domain_name": "rasrivas-bucket-1234.s3.amazonaws.com",
                "origin_id": "S3-rasrivas-bucket-1234",
                "origin_path": "",
                "s3_origin_config": []
              }
            ],
            "origin_group": [],
            "price_class": "PriceClass_All",
            "restrictions": [
              {
                "geo_restriction": [
                  {
                    "locations": null,
                    "restriction_type": "none"
                  }
                ]
              }
            ],
            "retain_on_delete": false,
            "status": "Deployed",
            "tags": null,
            "viewer_certificate": [
              {
                "acm_certificate_arn": "",
                "cloudfront_default_certificate": true,
                "iam_certificate_id": "",
                "minimum_protocol_version": "TLSv1",
                "ssl_support_method": ""
              }
            ],
            "wait_for_deployment": true,
            "web_acl_id": ""
          },
          "private": "eyJzY2hlbWFfdmVyc2lvbiI6IjEifQ==",
          "dependencies": [
            "aws_ebs_volume.hard_disk",
            "aws_instance.MyWebServer",
            "aws_key_pair.key_pair",
            "aws_s3_bucket.mys3bucket",
            "aws_s3_bucket_object.image_upload",
            "aws_security_group.firewall",
            "aws_volume_attachment.ebs_vol_att",
            "local_file.local_private_key",
            "null_resource.attach_ebs_vol",
            "null_resource.remote_img_download",
            "tls_private_key.private_key_pair"
          ]
        }
      ]
    },
    {
      "mode": "managed",
      "type": "aws_ebs_volume",
      "name": "hard_disk",
      "provider": "provider.aws",
      "instances": [
        {
          "schema_version": 0,
          "attributes": {
            "arn": "arn:aws:ec2:ap-south-1:350276982418:volume/vol-0e8146eefe975d0cf",
            "availability_zone": "ap-south-1a",
            "encrypted": false,
            "id": "vol-0e8146eefe975d0cf",
            "iops": 100,
            "kms_key_id": "",
            "multi_attach_enabled": false,
            "outpost_arn": "",
            "size": 1,
            "snapshot_id": "",
            "tags": {
              "Name": "MyWebServerVolume"
            },
            "type": "gp2"
          },
          "private": "bnVsbA==",
          "dependencies": [
            "aws_instance.MyWebServer",
            "aws_key_pair.key_pair",
            "aws_security_group.firewall",
            "local_file.local_private_key",
            "tls_private_key.private_key_pair"
          ]
        }
      ]
    },
    {
      "mode": "managed",
      "type": "aws_instance",
      "name": "MyWebServer",
      "provider": "provider.aws",
      "instances": [
        {
          "schema_version": 1,
          "attributes": {
            "ami": "ami-0447a12f28fddb066",
            "arn": "arn:aws:ec2:ap-south-1:350276982418:instance/i-0c70b1ed73badf61e",
            "associate_public_ip_address": true,
            "availability_zone": "ap-south-1a",
            "cpu_core_count": 1,
            "cpu_threads_per_core": 1,
            "credit_specification": [
              {
                "cpu_credits": "standard"
              }
            ],
            "disable_api_termination": false,
            "ebs_block_device": [],
            "ebs_optimized": false,
            "ephemeral_block_device": [],
            "get_password_data": false,
            "hibernation": false,
            "host_id": null,
            "iam_instance_profile": "",
            "id": "i-0c70b1ed73badf61e",
            "instance_initiated_shutdown_behavior": null,
            "instance_state": "running",
            "instance_type": "t2.micro",
            "ipv6_address_count": 0,
            "ipv6_addresses": [],
            "key_name": "EC2KeyPair",
            "metadata_options": [
              {
                "http_endpoint": "enabled",
                "http_put_response_hop_limit": 1,
                "http_tokens": "optional"
              }
            ],
            "monitoring": false,
            "network_interface": [],
            "network_interface_id": null,
            "outpost_arn": "",
            "password_data": "",
            "placement_group": "",
            "primary_network_interface_id": "eni-067772903bcf30885",
            "private_dns": "ip-172-31-42-144.ap-south-1.compute.internal",
            "private_ip": "172.31.42.144",
            "public_dns": "ec2-13-126-246-125.ap-south-1.compute.amazonaws.com",
            "public_ip": "13.126.246.125",
            "root_block_device": [
              {
                "delete_on_termination": true,
                "device_name": "/dev/xvda",
                "encrypted": false,
                "iops": 100,
                "kms_key_id": "",
                "volume_id": "vol-0ebecc491cf2e3731",
                "volume_size": 8,
                "volume_type": "gp2"
              }
            ],
            "security_groups": [
              "MySecurityGroup"
            ],
            "source_dest_check": true,
            "subnet_id": "subnet-dce2d8b4",
            "tags": {
              "Name": "MyWebServer"
            },
            "tenancy": "default",
            "timeouts": null,
            "user_data": null,
            "user_data_base64": null,
            "volume_tags": {},
            "vpc_security_group_ids": [
              "sg-0f5d576883013dcd3"
            ]
          },
          "private": "eyJlMmJmYjczMC1lY2FhLTExZTYtOGY4OC0zNDM2M2JjN2M0YzAiOnsiY3JlYXRlIjo2MDAwMDAwMDAwMDAsImRlbGV0ZSI6MTIwMDAwMDAwMDAwMCwidXBkYXRlIjo2MDAwMDAwMDAwMDB9LCJzY2hlbWFfdmVyc2lvbiI6IjEifQ==",
          "dependencies": [
            "aws_key_pair.key_pair",
            "aws_security_group.firewall",
            "local_file.local_private_key",
            "tls_private_key.private_key_pair"
          ]
        }
      ]
    },
    {
      "mode": "managed",
      "type": "aws_key_pair",
      "name": "key_pair",
      "provider": "provider.aws",
      "instances": [
        {
          "schema_version": 1,
          "attributes": {
            "fingerprint": "6d:d8:a7:46:5f:17:ab:49:1b:5b:6e:0f:fd:37:b0:9f",
            "id": "EC2KeyPair",
            "key_name": "EC2KeyPair",
            "key_name_prefix": null,
            "key_pair_id": "key-0a3168e62e0a7710c",
            "public_key": "ssh-rsa AAAAB3NzaC1yc2EAAAADAQABAAABAQDc6Cj/87Ekymfmv/UAG1C3FeZwU8NRhnQuicvIzwB4I/i523SZbYQ9TQgnFT8y+XuU1jAOOyWowfqTj6gG0UAivm+jGyExOXFVuGoxxZhqSwkpAM5n10HxYS8+SEGw24mZ1dBSrbmWmumwYjpuOuVfu1v44GR3Q0ATe7Da8Kv/mFTLnVaIKACJevF554nzWCB5jgEJ3Fyn+g/06J+tTHzW+4HvPmOZOX4F2BNnRRv/sCRkp4pYaXtONKv20r1TzZmTvNLe1tUZCgNSXPHqFEnxaYpfLy2UNPWVmdCow5WckHLQCZr6aWqgQmvD+yenxBCnkJGfw88IRkLPfmmjXBgH",
            "tags": null
          },
          "private": "eyJzY2hlbWFfdmVyc2lvbiI6IjEifQ==",
          "dependencies": [
            "local_file.local_private_key",
            "tls_private_key.private_key_pair"
          ]
        }
      ]
    },
    {
      "mode": "managed",
      "type": "aws_s3_bucket",
      "name": "mys3bucket",
      "provider": "provider.aws",
      "instances": [
        {
          "schema_version": 0,
          "attributes": {
            "acceleration_status": "",
            "acl": "public-read",
            "arn": "arn:aws:s3:::rasrivas-bucket-1234",
            "bucket": "rasrivas-bucket-1234",
            "bucket_domain_name": "rasrivas-bucket-1234.s3.amazonaws.com",
            "bucket_prefix": null,
            "bucket_regional_domain_name": "rasrivas-bucket-1234.s3.ap-south-1.amazonaws.com",
            "cors_rule": [],
            "force_destroy": false,
            "grant": [],
            "hosted_zone_id": "Z11RGJOFQNVJUP",
            "id": "rasrivas-bucket-1234",
            "lifecycle_rule": [],
            "logging": [],
            "object_lock_configuration": [],
            "policy": null,
            "region": "ap-south-1",
            "replication_configuration": [],
            "request_payer": "BucketOwner",
            "server_side_encryption_configuration": [],
            "tags": {
              "Name": "s3_bucket"
            },
            "versioning": [
              {
                "enabled": false,
                "mfa_delete": false
              }
            ],
            "website": [],
            "website_domain": null,
            "website_endpoint": null
          },
          "private": "bnVsbA==",
          "dependencies": [
            "aws_ebs_volume.hard_disk",
            "aws_instance.MyWebServer",
            "aws_key_pair.key_pair",
            "aws_security_group.firewall",
            "aws_volume_attachment.ebs_vol_att",
            "local_file.local_private_key",
            "null_resource.attach_ebs_vol",
            "null_resource.remote_img_download",
            "tls_private_key.private_key_pair"
          ]
        }
      ]
    },
    {
      "mode": "managed",
      "type": "aws_s3_bucket_object",
      "name": "image_upload",
      "provider": "provider.aws",
      "instances": [
        {
          "schema_version": 0,
          "attributes": {
            "acl": "public-read",
            "bucket": "rasrivas-bucket-1234",
            "cache_control": "",
            "content": null,
            "content_base64": null,
            "content_disposition": "",
            "content_encoding": "",
            "content_language": "",
            "content_type": "binary/octet-stream",
            "etag": "5f667eb187d3d49477a5a997d3e8b4ff",
            "force_destroy": false,
            "id": "image.jpg",
            "key": "image.jpg",
            "kms_key_id": null,
            "metadata": null,
            "object_lock_legal_hold_status": "",
            "object_lock_mode": "",
            "object_lock_retain_until_date": "",
            "server_side_encryption": "",
            "source": "web_image/images/82597.jpg",
            "storage_class": "STANDARD",
            "tags": null,
            "version_id": "",
            "website_redirect": ""
          },
          "private": "bnVsbA==",
          "dependencies": [
            "aws_ebs_volume.hard_disk",
            "aws_instance.MyWebServer",
            "aws_key_pair.key_pair",
            "aws_s3_bucket.mys3bucket",
            "aws_security_group.firewall",
            "aws_volume_attachment.ebs_vol_att",
            "local_file.local_private_key",
            "null_resource.attach_ebs_vol",
            "null_resource.remote_img_download",
            "tls_private_key.private_key_pair"
          ]
        }
      ]
    },
    {
      "mode": "managed",
      "type": "aws_security_group",
      "name": "firewall",
      "provider": "provider.aws",
      "instances": [
        {
          "schema_version": 1,
          "attributes": {
            "arn": "arn:aws:ec2:ap-south-1:350276982418:security-group/sg-0f5d576883013dcd3",
            "description": "Allow HTTP and SSH inbound traffic",
            "egress": [
              {
                "cidr_blocks": [
                  "0.0.0.0/0"
                ],
                "description": "",
                "from_port": 0,
                "ipv6_cidr_blocks": [],
                "prefix_list_ids": [],
                "protocol": "-1",
                "security_groups": [],
                "self": false,
                "to_port": 0
              }
            ],
            "id": "sg-0f5d576883013dcd3",
            "ingress": [
              {
                "cidr_blocks": [
                  "0.0.0.0/0"
                ],
                "description": "",
                "from_port": 22,
                "ipv6_cidr_blocks": [],
                "prefix_list_ids": [],
                "protocol": "tcp",
                "security_groups": [],
                "self": false,
                "to_port": 22
              },
              {
                "cidr_blocks": [
                  "0.0.0.0/0"
                ],
                "description": "",
                "from_port": 80,
                "ipv6_cidr_blocks": [],
                "prefix_list_ids": [],
                "protocol": "tcp",
                "security_groups": [],
                "self": false,
                "to_port": 80
              }
            ],
            "name": "MySecurityGroup",
            "name_prefix": null,
            "owner_id": "350276982418",
            "revoke_rules_on_delete": false,
            "tags": null,
            "timeouts": null,
            "vpc_id": "vpc-f6eef39e"
          },
          "private": "eyJlMmJmYjczMC1lY2FhLTExZTYtOGY4OC0zNDM2M2JjN2M0YzAiOnsiY3JlYXRlIjo2MDAwMDAwMDAwMDAsImRlbGV0ZSI6NjAwMDAwMDAwMDAwfSwic2NoZW1hX3ZlcnNpb24iOiIxIn0=",
          "dependencies": [
            "aws_key_pair.key_pair",
            "local_file.local_private_key",
            "tls_private_key.private_key_pair"
          ]
        }
      ]
    },
    {
      "mode": "managed",
      "type": "aws_volume_attachment",
      "name": "ebs_vol_att",
      "provider": "provider.aws",
      "instances": [
        {
          "schema_version": 0,
          "attributes": {
            "device_name": "/dev/sdh",
            "force_detach": true,
            "id": "vai-2323176783",
            "instance_id": "i-0c70b1ed73badf61e",
            "skip_destroy": null,
            "volume_id": "vol-0e8146eefe975d0cf"
          },
          "private": "bnVsbA==",
          "dependencies": [
            "aws_ebs_volume.hard_disk",
            "aws_instance.MyWebServer",
            "aws_key_pair.key_pair",
            "aws_security_group.firewall",
            "local_file.local_private_key",
            "tls_private_key.private_key_pair"
          ]
        }
      ]
    },
    {
      "mode": "managed",
      "type": "local_file",
      "name": "local_private_key",
      "provider": "provider.local",
      "instances": [
        {
          "schema_version": 0,
          "attributes": {
            "content": "-----BEGIN RSA PRIVATE KEY-----\nMIIEowIBAAKCAQEA3Ogo//OxJMpn5r/1ABtQtxXmcFPDUYZ0LonLyM8AeCP4udt0\nmW2EPU0IJxU/Mvl7lNYwDjslqMH6k4+oBtFAIr5voxshMTlxVbhqMcWYaksJKQDO\nZ9dB8WEvPkhBsNuJmdXQUq25lprpsGI6bjrlX7tb+OBkd0NAE3uw2vCr/5hUy51W\niCgAiXrxeeeJ81ggeY4BCdxcp/oP9OifrUx81vuB7z5jmTl+BdgTZ0Ub/7AkZKeK\nWGl7TjSr9tK9U82Zk7zS3tbVGQoDUlzx6hRJ8WmKXy8tlDT1lZnQqMOVnJBy0Ama\n+mlqoEJrw/snp8QQp5CRn8PPCEZCz35po1wYBwIDAQABAoIBAF30mEuUeElvlRV9\nm1S6SXA1bldkKPSpvQx2Kyhzcn2mvwk9n7AJ9m6kLs2AqeqiVb+OAc5rta67IjpU\npWCQ6zhbytuSlGF9TwjocLJOmm7LD1BTOXbNBQ0HCrLwxI/WMAYv/HTN0tuNc8tD\nXBq6DgjThWCq/9AB2GTw/N2B84W3l7riH+T3mWiZNPpVl9cpqSRjIIBh1rvB5Xt9\nbc0KHdHIJbqiHmNM41+GqC09f8ZjwHqR+IgZBkHcf+4oKFOhmIPE8NyfgBTLLO+M\nc0Y611dKrp+wagsNqpSl90xPBPAL11KoNwqNU9lzi7kufnahyBXl3mJe9reTzDZs\nmmRYUGECgYEA/2jvraMDFnMiaG1OloqGjh0vzsKX0hiKjAUDKa3FNt7tBcT9MJBI\nAs4X2rRTdRpjGskgrM8Xy/biklpLRgn5nFCLcrYGJ36xo1pfgHghJ6NAHzkyJ2XI\nLUeJ1EiXm+taYtY28qJuAnQrHimERZ12r42NLyhf5Rn0yDfYQmrPfCkCgYEA3WrR\nHzbQi4ZsitqAbWxxGSXBncGZFKOZKdiKsOIC3b9tXLYTfU24m02zZzC3FZDweKjl\nFcLocwLf1RKxLRUFDMVt/Ea3LSZylsqpmjLC8HiALFM9Dwov0jiRAXrEKgvezNEH\n7bt66p4EaN+spoQxSZfRkSgU5sQ//n5d3b0beK8CgYEApr65i2DbSTLNieOi5QF3\nKxy+83tzZsSC3zr+f51lHZeYoqWirqvjd4FZbX1A5zjc7sXUQT3KyWxbKzUr44Pr\npDOpdrCDgBFko8MCinrjGl+oIzpSFgqLD5Se1Sq3YCHdFp3HrcyBibSR2dU8973/\nmEkPnXP8dzPk7ToYQ/Q7lVECgYAYEmXb4+S2Vo30Zp7xxolhN4aeNQ8EfGjJcN5b\nLqcrHoWwP6dMxydb0w2/GT++W3yZUZteS0tkPZrCGn8irJdY9RnpBHMjuHtaw3u+\n5OfmpuMgbohD21Kpoza4l3U+MP4u/EbFZM2PNlC6ah7mF5cYLiY9hsMG960RaQGh\nes7CxwKBgDw/oId1P/94j9NKsU13K/Npmtsc0nGWBCu0pvoMI8/0xBu6fSQPt9CU\nRL3YONpFCgAedMN7TA26VBljpcqOYAB592kMoqgUluPbxkxYESoaijJse9dPtIJX\nC4MjqAxXpI2KBPL4e85XqFr79T4uIQK94ZVJ4YrC/uCBCZSc3Jqd\n-----END RSA PRIVATE KEY-----\n",
            "content_base64": null,
            "directory_permission": "0777",
            "file_permission": "0400",
            "filename": "EC2KeyPair.pem",
            "id": "b6f8fda7950f0d47aa78a0e56767d4b16528331d",
            "sensitive_content": null
          },
          "private": "bnVsbA==",
          "dependencies": [
            "tls_private_key.private_key_pair"
          ]
        }
      ]
    },
    {
      "mode": "managed",
      "type": "null_resource",
      "name": "attach_ebs_vol",
      "provider": "provider.null",
      "instances": [
        {
          "schema_version": 0,
          "attributes": {
            "id": "1821445124962775144",
            "triggers": null
          },
          "private": "bnVsbA==",
          "dependencies": [
            "aws_ebs_volume.hard_disk",
            "aws_instance.MyWebServer",
            "aws_key_pair.key_pair",
            "aws_security_group.firewall",
            "aws_volume_attachment.ebs_vol_att",
            "local_file.local_private_key",
            "tls_private_key.private_key_pair"
          ]
        }
      ]
    },
    {
      "mode": "managed",
      "type": "null_resource",
      "name": "delete_downloaded_files",
      "provider": "provider.null",
      "instances": [
        {
          "schema_version": 0,
          "attributes": {
            "id": "2820320668663123157",
            "triggers": null
          },
          "private": "bnVsbA==",
          "dependencies": [
            "aws_ebs_volume.hard_disk",
            "aws_instance.MyWebServer",
            "aws_key_pair.key_pair",
            "aws_s3_bucket.mys3bucket",
            "aws_s3_bucket_object.image_upload",
            "aws_security_group.firewall",
            "aws_volume_attachment.ebs_vol_att",
            "local_file.local_private_key",
            "null_resource.attach_ebs_vol",
            "null_resource.remote_img_download",
            "tls_private_key.private_key_pair"
          ]
        }
      ]
    },
    {
      "mode": "managed",
      "type": "null_resource",
      "name": "remote_img_download",
      "provider": "provider.null",
      "instances": [
        {
          "schema_version": 0,
          "attributes": {
            "id": "8711911341621130324",
            "triggers": null
          },
          "private": "bnVsbA==",
          "dependencies": [
            "aws_ebs_volume.hard_disk",
            "aws_instance.MyWebServer",
            "aws_key_pair.key_pair",
            "aws_security_group.firewall",
            "aws_volume_attachment.ebs_vol_att",
            "local_file.local_private_key",
            "null_resource.attach_ebs_vol",
            "tls_private_key.private_key_pair"
          ]
        }
      ]
    },
    {
      "mode": "managed",
      "type": "tls_private_key",
      "name": "private_key_pair",
      "provider": "provider.tls",
      "instances": [
        {
          "schema_version": 0,
          "attributes": {
            "algorithm": "RSA",
            "ecdsa_curve": "P224",
            "id": "385ce57bef08180808081a59b105f39d62ee0f97",
            "private_key_pem": "-----BEGIN RSA PRIVATE KEY-----\nMIIEowIBAAKCAQEA3Ogo//OxJMpn5r/1ABtQtxXmcFPDUYZ0LonLyM8AeCP4udt0\nmW2EPU0IJxU/Mvl7lNYwDjslqMH6k4+oBtFAIr5voxshMTlxVbhqMcWYaksJKQDO\nZ9dB8WEvPkhBsNuJmdXQUq25lprpsGI6bjrlX7tb+OBkd0NAE3uw2vCr/5hUy51W\niCgAiXrxeeeJ81ggeY4BCdxcp/oP9OifrUx81vuB7z5jmTl+BdgTZ0Ub/7AkZKeK\nWGl7TjSr9tK9U82Zk7zS3tbVGQoDUlzx6hRJ8WmKXy8tlDT1lZnQqMOVnJBy0Ama\n+mlqoEJrw/snp8QQp5CRn8PPCEZCz35po1wYBwIDAQABAoIBAF30mEuUeElvlRV9\nm1S6SXA1bldkKPSpvQx2Kyhzcn2mvwk9n7AJ9m6kLs2AqeqiVb+OAc5rta67IjpU\npWCQ6zhbytuSlGF9TwjocLJOmm7LD1BTOXbNBQ0HCrLwxI/WMAYv/HTN0tuNc8tD\nXBq6DgjThWCq/9AB2GTw/N2B84W3l7riH+T3mWiZNPpVl9cpqSRjIIBh1rvB5Xt9\nbc0KHdHIJbqiHmNM41+GqC09f8ZjwHqR+IgZBkHcf+4oKFOhmIPE8NyfgBTLLO+M\nc0Y611dKrp+wagsNqpSl90xPBPAL11KoNwqNU9lzi7kufnahyBXl3mJe9reTzDZs\nmmRYUGECgYEA/2jvraMDFnMiaG1OloqGjh0vzsKX0hiKjAUDKa3FNt7tBcT9MJBI\nAs4X2rRTdRpjGskgrM8Xy/biklpLRgn5nFCLcrYGJ36xo1pfgHghJ6NAHzkyJ2XI\nLUeJ1EiXm+taYtY28qJuAnQrHimERZ12r42NLyhf5Rn0yDfYQmrPfCkCgYEA3WrR\nHzbQi4ZsitqAbWxxGSXBncGZFKOZKdiKsOIC3b9tXLYTfU24m02zZzC3FZDweKjl\nFcLocwLf1RKxLRUFDMVt/Ea3LSZylsqpmjLC8HiALFM9Dwov0jiRAXrEKgvezNEH\n7bt66p4EaN+spoQxSZfRkSgU5sQ//n5d3b0beK8CgYEApr65i2DbSTLNieOi5QF3\nKxy+83tzZsSC3zr+f51lHZeYoqWirqvjd4FZbX1A5zjc7sXUQT3KyWxbKzUr44Pr\npDOpdrCDgBFko8MCinrjGl+oIzpSFgqLD5Se1Sq3YCHdFp3HrcyBibSR2dU8973/\nmEkPnXP8dzPk7ToYQ/Q7lVECgYAYEmXb4+S2Vo30Zp7xxolhN4aeNQ8EfGjJcN5b\nLqcrHoWwP6dMxydb0w2/GT++W3yZUZteS0tkPZrCGn8irJdY9RnpBHMjuHtaw3u+\n5OfmpuMgbohD21Kpoza4l3U+MP4u/EbFZM2PNlC6ah7mF5cYLiY9hsMG960RaQGh\nes7CxwKBgDw/oId1P/94j9NKsU13K/Npmtsc0nGWBCu0pvoMI8/0xBu6fSQPt9CU\nRL3YONpFCgAedMN7TA26VBljpcqOYAB592kMoqgUluPbxkxYESoaijJse9dPtIJX\nC4MjqAxXpI2KBPL4e85XqFr79T4uIQK94ZVJ4YrC/uCBCZSc3Jqd\n-----END RSA PRIVATE KEY-----\n",
            "public_key_fingerprint_md5": "2f:a6:ca:11:b7:d1:46:04:8c:e8:c6:72:6a:91:a7:20",
            "public_key_openssh": "ssh-rsa AAAAB3NzaC1yc2EAAAADAQABAAABAQDc6Cj/87Ekymfmv/UAG1C3FeZwU8NRhnQuicvIzwB4I/i523SZbYQ9TQgnFT8y+XuU1jAOOyWowfqTj6gG0UAivm+jGyExOXFVuGoxxZhqSwkpAM5n10HxYS8+SEGw24mZ1dBSrbmWmumwYjpuOuVfu1v44GR3Q0ATe7Da8Kv/mFTLnVaIKACJevF554nzWCB5jgEJ3Fyn+g/06J+tTHzW+4HvPmOZOX4F2BNnRRv/sCRkp4pYaXtONKv20r1TzZmTvNLe1tUZCgNSXPHqFEnxaYpfLy2UNPWVmdCow5WckHLQCZr6aWqgQmvD+yenxBCnkJGfw88IRkLPfmmjXBgH\n",
            "public_key_pem": "-----BEGIN PUBLIC KEY-----\nMIIBIjANBgkqhkiG9w0BAQEFAAOCAQ8AMIIBCgKCAQEA3Ogo//OxJMpn5r/1ABtQ\ntxXmcFPDUYZ0LonLyM8AeCP4udt0mW2EPU0IJxU/Mvl7lNYwDjslqMH6k4+oBtFA\nIr5voxshMTlxVbhqMcWYaksJKQDOZ9dB8WEvPkhBsNuJmdXQUq25lprpsGI6bjrl\nX7tb+OBkd0NAE3uw2vCr/5hUy51WiCgAiXrxeeeJ81ggeY4BCdxcp/oP9OifrUx8\n1vuB7z5jmTl+BdgTZ0Ub/7AkZKeKWGl7TjSr9tK9U82Zk7zS3tbVGQoDUlzx6hRJ\n8WmKXy8tlDT1lZnQqMOVnJBy0Ama+mlqoEJrw/snp8QQp5CRn8PPCEZCz35po1wY\nBwIDAQAB\n-----END PUBLIC KEY-----\n",
            "rsa_bits": 2048
          },
          "private": "bnVsbA=="
        }
      ]
    }
  ]
}
